
Microsoft Visual Studio Solution File, Format Version 12.00
# Visual Studio Version 17
VisualStudioVersion = 17.1.32210.238
MinimumVisualStudioVersion = 10.0.40219.1
Project("{FAE04EC0-301F-11D3-BF4B-00C04F79EFBC}") = "seminar_01", "seminar_01\seminar_01.csproj", "{74BAA6E8-50F0-49CA-AA99-246DE0473A54}"
EndProject
Global
	GlobalSection(SolutionConfigurationPlatforms) = preSolution
		Debug|Any CPU = Debug|Any CPU
		Release|Any CPU = Release|Any CPU
	EndGlobalSection
	GlobalSection(ProjectConfigurationPlatforms) = postSolution
		{74BAA6E8-50F0-49CA-AA99-246DE0473A54}.Debug|Any CPU.ActiveCfg = Debug|Any CPU
		{74BAA6E8-50F0-49CA-AA99-246DE0473A54}.Debug|Any CPU.Build.0 = Debug|Any CPU
		{74BAA6E8-50F0-49CA-AA99-246DE0473A54}.Release|Any CPU.ActiveCfg = Release|Any CPU
		{74BAA6E8-50F0-49CA-AA99-246DE0473A54}.Release|Any CPU.Build.0 = Release|Any CPU
	EndGlobalSection
	GlobalSection(SolutionProperties) = preSolution
		HideSolutionNode = FALSE
	EndGlobalSection
	GlobalSection(ExtensibilityGlobals) = postSolution
		SolutionGuid = {4FA3E20C-1862-4762-83F3-25909EED131B}
	EndGlobalSection
EndGlobal
