
Microsoft Visual Studio Solution File, Format Version 12.00
# Visual Studio Version 17
VisualStudioVersion = 17.1.32421.90
MinimumVisualStudioVersion = 10.0.40219.1
Project("{FAE04EC0-301F-11D3-BF4B-00C04F79EFBC}") = "02_inheritance", "02_inheritance.csproj", "{11848905-2CE9-4E5A-8F34-8F55CD702D5D}"
EndProject
Global
	GlobalSection(SolutionConfigurationPlatforms) = preSolution
		Debug|Any CPU = Debug|Any CPU
		Release|Any CPU = Release|Any CPU
	EndGlobalSection
	GlobalSection(ProjectConfigurationPlatforms) = postSolution
		{11848905-2CE9-4E5A-8F34-8F55CD702D5D}.Debug|Any CPU.ActiveCfg = Debug|Any CPU
		{11848905-2CE9-4E5A-8F34-8F55CD702D5D}.Debug|Any CPU.Build.0 = Debug|Any CPU
		{11848905-2CE9-4E5A-8F34-8F55CD702D5D}.Release|Any CPU.ActiveCfg = Release|Any CPU
		{11848905-2CE9-4E5A-8F34-8F55CD702D5D}.Release|Any CPU.Build.0 = Release|Any CPU
	EndGlobalSection
	GlobalSection(SolutionProperties) = preSolution
		HideSolutionNode = FALSE
	EndGlobalSection
	GlobalSection(ExtensibilityGlobals) = postSolution
		SolutionGuid = {E05F68C2-B4C5-40D7-A499-63AA357E759D}
	EndGlobalSection
EndGlobal
